
Microsoft Visual Studio Solution File, Format Version 12.00
# Visual Studio Version 16
VisualStudioVersion = 16.0.31321.278
MinimumVisualStudioVersion = 10.0.40219.1
Project("{FAE04EC0-301F-11D3-BF4B-00C04F79EFBC}") = "DM", "DM.csproj", "{38C10DE3-CD49-4540-B68A-29068FBC1AB7}"
EndProject
Global
	GlobalSection(SolutionConfigurationPlatforms) = preSolution
		Debug|Any CPU = Debug|Any CPU
		Release|Any CPU = Release|Any CPU
	EndGlobalSection
	GlobalSection(ProjectConfigurationPlatforms) = postSolution
		{38C10DE3-CD49-4540-B68A-29068FBC1AB7}.Debug|Any CPU.ActiveCfg = Debug|Any CPU
		{38C10DE3-CD49-4540-B68A-29068FBC1AB7}.Debug|Any CPU.Build.0 = Debug|Any CPU
		{38C10DE3-CD49-4540-B68A-29068FBC1AB7}.Release|Any CPU.ActiveCfg = Release|Any CPU
		{38C10DE3-CD49-4540-B68A-29068FBC1AB7}.Release|Any CPU.Build.0 = Release|Any CPU
	EndGlobalSection
	GlobalSection(SolutionProperties) = preSolution
		HideSolutionNode = FALSE
	EndGlobalSection
	GlobalSection(ExtensibilityGlobals) = postSolution
		SolutionGuid = {ED05A907-AF7F-49E4-881B-E392357DB108}
	EndGlobalSection
EndGlobal
